
Microsoft Visual Studio Solution File, Format Version 12.00
# Visual Studio Version 17
VisualStudioVersion = 17.11.35312.102
MinimumVisualStudioVersion = 10.0.40219.1
Project("{FAE04EC0-301F-11D3-BF4B-00C04F79EFBC}") = "controllerviewexample", "controllerviewexample\controllerviewexample.csproj", "{380EEBA3-3FA7-4257-A1D6-50BA32A6F795}"
EndProject
Global
	GlobalSection(SolutionConfigurationPlatforms) = preSolution
		Debug|Any CPU = Debug|Any CPU
		Release|Any CPU = Release|Any CPU
	EndGlobalSection
	GlobalSection(ProjectConfigurationPlatforms) = postSolution
		{380EEBA3-3FA7-4257-A1D6-50BA32A6F795}.Debug|Any CPU.ActiveCfg = Debug|Any CPU
		{380EEBA3-3FA7-4257-A1D6-50BA32A6F795}.Debug|Any CPU.Build.0 = Debug|Any CPU
		{380EEBA3-3FA7-4257-A1D6-50BA32A6F795}.Release|Any CPU.ActiveCfg = Release|Any CPU
		{380EEBA3-3FA7-4257-A1D6-50BA32A6F795}.Release|Any CPU.Build.0 = Release|Any CPU
	EndGlobalSection
	GlobalSection(SolutionProperties) = preSolution
		HideSolutionNode = FALSE
	EndGlobalSection
	GlobalSection(ExtensibilityGlobals) = postSolution
		SolutionGuid = {3913FDD2-E871-4135-91A7-9E28137EFE7D}
	EndGlobalSection
EndGlobal
